
Microsoft Visual Studio Solution File, Format Version 12.00
# Visual Studio 15
VisualStudioVersion = 15.0.26730.16
MinimumVisualStudioVersion = 10.0.40219.1
Project("{FAE04EC0-301F-11D3-BF4B-00C04F79EFBC}") = "MsftGivingTriviaWebApp", "MsftGivingTriviaWebApp\MsftGivingTriviaWebApp.csproj", "{8E44A312-5440-4872-8F3C-2B7DCE22A51E}"
EndProject
Project("{FAE04EC0-301F-11D3-BF4B-00C04F79EFBC}") = "MungeQuestions", "MungeQuestions\MungeQuestions.csproj", "{0E2360B4-A2DB-4466-98F9-95497A65058C}"
EndProject
Global
	GlobalSection(SolutionConfigurationPlatforms) = preSolution
		Debug|Any CPU = Debug|Any CPU
		Release|Any CPU = Release|Any CPU
	EndGlobalSection
	GlobalSection(ProjectConfigurationPlatforms) = postSolution
		{8E44A312-5440-4872-8F3C-2B7DCE22A51E}.Debug|Any CPU.ActiveCfg = Debug|Any CPU
		{8E44A312-5440-4872-8F3C-2B7DCE22A51E}.Debug|Any CPU.Build.0 = Debug|Any CPU
		{8E44A312-5440-4872-8F3C-2B7DCE22A51E}.Release|Any CPU.ActiveCfg = Release|Any CPU
		{8E44A312-5440-4872-8F3C-2B7DCE22A51E}.Release|Any CPU.Build.0 = Release|Any CPU
		{0E2360B4-A2DB-4466-98F9-95497A65058C}.Debug|Any CPU.ActiveCfg = Debug|Any CPU
		{0E2360B4-A2DB-4466-98F9-95497A65058C}.Debug|Any CPU.Build.0 = Debug|Any CPU
		{0E2360B4-A2DB-4466-98F9-95497A65058C}.Release|Any CPU.ActiveCfg = Release|Any CPU
		{0E2360B4-A2DB-4466-98F9-95497A65058C}.Release|Any CPU.Build.0 = Release|Any CPU
	EndGlobalSection
	GlobalSection(SolutionProperties) = preSolution
		HideSolutionNode = FALSE
	EndGlobalSection
	GlobalSection(ExtensibilityGlobals) = postSolution
		SolutionGuid = {490761B8-E67E-453D-BF0E-CDF3D47A1018}
	EndGlobalSection
EndGlobal
